{
  "name": "videojsplugin",
  "version": "0.0.1-beta.1",
  "lockfileVersion": 2,
  "requires": true,
  "packages": {
    "": {
      "name": "videojsplugin",
      "version": "0.0.1-beta.1",
      "dependencies": {
        "video.js": "^7.20.3",
        "videojs-resolution-switcher": "millicast/videojs-resolution-switcher#videojs_whep_plugin",
        "whip": "medooze/whip-whep-js"
      },
      "devDependencies": {
        "vite": "^4.0.0"
      }
    },
    "node_modules/@babel/runtime": {
      "version": "7.21.0",
      "resolved": "https://registry.npmjs.org/@babel/runtime/-/runtime-7.21.0.tgz",
      "integrity": "sha512-xwII0//EObnq89Ji5AKYQaRYiW/nZ3llSv29d49IuxPhKbtJoLP+9QUUZ4nVragQVtaVGeZrpB+ZtG/Pdy/POw==",
      "dependencies": {
        "regenerator-runtime": "^0.13.11"
      },
      "engines": {
        "node": ">=6.9.0"
      }
    },
    "node_modules/@esbuild/android-arm": {
      "version": "0.16.17",
      "resolved": "https://registry.npmjs.org/@esbuild/android-arm/-/android-arm-0.16.17.tgz",
      "integrity": "sha512-N9x1CMXVhtWEAMS7pNNONyA14f71VPQN9Cnavj1XQh6T7bskqiLLrSca4O0Vr8Wdcga943eThxnVp3JLnBMYtw==",
      "cpu": [
        "arm"
      ],
      "dev": true,
      "optional": true,
      "os": [
        "android"
      ],
      "engines": {
        "node": ">=12"
      }
    },
    "node_modules/@esbuild/android-arm64": {
      "version": "0.16.17",
      "resolved": "https://registry.npmjs.org/@esbuild/android-arm64/-/android-arm64-0.16.17.tgz",
      "integrity": "sha512-MIGl6p5sc3RDTLLkYL1MyL8BMRN4tLMRCn+yRJJmEDvYZ2M7tmAf80hx1kbNEUX2KJ50RRtxZ4JHLvCfuB6kBg==",
      "cpu": [
        "arm64"
      ],
      "dev": true,
      "optional": true,
      "os": [
        "android"
      ],
      "engines": {
        "node": ">=12"
      }
    },
    "node_modules/@esbuild/android-x64": {
      "version": "0.16.17",
      "resolved": "https://registry.npmjs.org/@esbuild/android-x64/-/android-x64-0.16.17.tgz",
      "integrity": "sha512-a3kTv3m0Ghh4z1DaFEuEDfz3OLONKuFvI4Xqczqx4BqLyuFaFkuaG4j2MtA6fuWEFeC5x9IvqnX7drmRq/fyAQ==",
      "cpu": [
        "x64"
      ],
      "dev": true,
      "optional": true,
      "os": [
        "android"
      ],
      "engines": {
        "node": ">=12"
      }
    },
    "node_modules/@esbuild/darwin-arm64": {
      "version": "0.16.17",
      "resolved": "https://registry.npmjs.org/@esbuild/darwin-arm64/-/darwin-arm64-0.16.17.tgz",
      "integrity": "sha512-/2agbUEfmxWHi9ARTX6OQ/KgXnOWfsNlTeLcoV7HSuSTv63E4DqtAc+2XqGw1KHxKMHGZgbVCZge7HXWX9Vn+w==",
      "cpu": [
        "arm64"
      ],
      "dev": true,
      "optional": true,
      "os": [
        "darwin"
      ],
      "engines": {
        "node": ">=12"
      }
    },
    "node_modules/@esbuild/darwin-x64": {
      "version": "0.16.17",
      "resolved": "https://registry.npmjs.org/@esbuild/darwin-x64/-/darwin-x64-0.16.17.tgz",
      "integrity": "sha512-2By45OBHulkd9Svy5IOCZt376Aa2oOkiE9QWUK9fe6Tb+WDr8hXL3dpqi+DeLiMed8tVXspzsTAvd0jUl96wmg==",
      "cpu": [
        "x64"
      ],
      "dev": true,
      "optional": true,
      "os": [
        "darwin"
      ],
      "engines": {
        "node": ">=12"
      }
    },
    "node_modules/@esbuild/freebsd-arm64": {
      "version": "0.16.17",
      "resolved": "https://registry.npmjs.org/@esbuild/freebsd-arm64/-/freebsd-arm64-0.16.17.tgz",
      "integrity": "sha512-mt+cxZe1tVx489VTb4mBAOo2aKSnJ33L9fr25JXpqQqzbUIw/yzIzi+NHwAXK2qYV1lEFp4OoVeThGjUbmWmdw==",
      "cpu": [
        "arm64"
      ],
      "dev": true,
      "optional": true,
      "os": [
        "freebsd"
      ],
      "engines": {
        "node": ">=12"
      }
    },
    "node_modules/@esbuild/freebsd-x64": {
      "version": "0.16.17",
      "resolved": "https://registry.npmjs.org/@esbuild/freebsd-x64/-/freebsd-x64-0.16.17.tgz",
      "integrity": "sha512-8ScTdNJl5idAKjH8zGAsN7RuWcyHG3BAvMNpKOBaqqR7EbUhhVHOqXRdL7oZvz8WNHL2pr5+eIT5c65kA6NHug==",
      "cpu": [
        "x64"
      ],
      "dev": true,
      "optional": true,
      "os": [
        "freebsd"
      ],
      "engines": {
        "node": ">=12"
      }
    },
    "node_modules/@esbuild/linux-arm": {
      "version": "0.16.17",
      "resolved": "https://registry.npmjs.org/@esbuild/linux-arm/-/linux-arm-0.16.17.tgz",
      "integrity": "sha512-iihzrWbD4gIT7j3caMzKb/RsFFHCwqqbrbH9SqUSRrdXkXaygSZCZg1FybsZz57Ju7N/SHEgPyaR0LZ8Zbe9gQ==",
      "cpu": [
        "arm"
      ],
      "dev": true,
      "optional": true,
      "os": [
        "linux"
      ],
      "engines": {
        "node": ">=12"
      }
    },
    "node_modules/@esbuild/linux-arm64": {
      "version": "0.16.17",
      "resolved": "https://registry.npmjs.org/@esbuild/linux-arm64/-/linux-arm64-0.16.17.tgz",
      "integrity": "sha512-7S8gJnSlqKGVJunnMCrXHU9Q8Q/tQIxk/xL8BqAP64wchPCTzuM6W3Ra8cIa1HIflAvDnNOt2jaL17vaW+1V0g==",
      "cpu": [
        "arm64"
      ],
      "dev": true,
      "optional": true,
      "os": [
        "linux"
      ],
      "engines": {
        "node": ">=12"
      }
    },
    "node_modules/@esbuild/linux-ia32": {
      "version": "0.16.17",
      "resolved": "https://registry.npmjs.org/@esbuild/linux-ia32/-/linux-ia32-0.16.17.tgz",
      "integrity": "sha512-kiX69+wcPAdgl3Lonh1VI7MBr16nktEvOfViszBSxygRQqSpzv7BffMKRPMFwzeJGPxcio0pdD3kYQGpqQ2SSg==",
      "cpu": [
        "ia32"
      ],
      "dev": true,
      "optional": true,
      "os": [
        "linux"
      ],
      "engines": {
        "node": ">=12"
      }
    },
    "node_modules/@esbuild/linux-loong64": {
      "version": "0.16.17",
      "resolved": "https://registry.npmjs.org/@esbuild/linux-loong64/-/linux-loong64-0.16.17.tgz",
      "integrity": "sha512-dTzNnQwembNDhd654cA4QhbS9uDdXC3TKqMJjgOWsC0yNCbpzfWoXdZvp0mY7HU6nzk5E0zpRGGx3qoQg8T2DQ==",
      "cpu": [
        "loong64"
      ],
      "dev": true,
      "optional": true,
      "os": [
        "linux"
      ],
      "engines": {
        "node": ">=12"
      }
    },
    "node_modules/@esbuild/linux-mips64el": {
      "version": "0.16.17",
      "resolved": "https://registry.npmjs.org/@esbuild/linux-mips64el/-/linux-mips64el-0.16.17.tgz",
      "integrity": "sha512-ezbDkp2nDl0PfIUn0CsQ30kxfcLTlcx4Foz2kYv8qdC6ia2oX5Q3E/8m6lq84Dj/6b0FrkgD582fJMIfHhJfSw==",
      "cpu": [
        "mips64el"
      ],
      "dev": true,
      "optional": true,
      "os": [
        "linux"
      ],
      "engines": {
        "node": ">=12"
      }
    },
    "node_modules/@esbuild/linux-ppc64": {
      "version": "0.16.17",
      "resolved": "https://registry.npmjs.org/@esbuild/linux-ppc64/-/linux-ppc64-0.16.17.tgz",
      "integrity": "sha512-dzS678gYD1lJsW73zrFhDApLVdM3cUF2MvAa1D8K8KtcSKdLBPP4zZSLy6LFZ0jYqQdQ29bjAHJDgz0rVbLB3g==",
      "cpu": [
        "ppc64"
      ],
      "dev": true,
      "optional": true,
      "os": [
        "linux"
      ],
      "engines": {
        "node": ">=12"
      }
    },
    "node_modules/@esbuild/linux-riscv64": {
      "version": "0.16.17",
      "resolved": "https://registry.npmjs.org/@esbuild/linux-riscv64/-/linux-riscv64-0.16.17.tgz",
      "integrity": "sha512-ylNlVsxuFjZK8DQtNUwiMskh6nT0vI7kYl/4fZgV1llP5d6+HIeL/vmmm3jpuoo8+NuXjQVZxmKuhDApK0/cKw==",
      "cpu": [
        "riscv64"
      ],
      "dev": true,
      "optional": true,
      "os": [
        "linux"
      ],
      "engines": {
        "node": ">=12"
      }
    },
    "node_modules/@esbuild/linux-s390x": {
      "version": "0.16.17",
      "resolved": "https://registry.npmjs.org/@esbuild/linux-s390x/-/linux-s390x-0.16.17.tgz",
      "integrity": "sha512-gzy7nUTO4UA4oZ2wAMXPNBGTzZFP7mss3aKR2hH+/4UUkCOyqmjXiKpzGrY2TlEUhbbejzXVKKGazYcQTZWA/w==",
      "cpu": [
        "s390x"
      ],
      "dev": true,
      "optional": true,
      "os": [
        "linux"
      ],
      "engines": {
        "node": ">=12"
      }
    },
    "node_modules/@esbuild/linux-x64": {
      "version": "0.16.17",
      "resolved": "https://registry.npmjs.org/@esbuild/linux-x64/-/linux-x64-0.16.17.tgz",
      "integrity": "sha512-mdPjPxfnmoqhgpiEArqi4egmBAMYvaObgn4poorpUaqmvzzbvqbowRllQ+ZgzGVMGKaPkqUmPDOOFQRUFDmeUw==",
      "cpu": [
        "x64"
      ],
      "dev": true,
      "optional": true,
      "os": [
        "linux"
      ],
      "engines": {
        "node": ">=12"
      }
    },
    "node_modules/@esbuild/netbsd-x64": {
      "version": "0.16.17",
      "resolved": "https://registry.npmjs.org/@esbuild/netbsd-x64/-/netbsd-x64-0.16.17.tgz",
      "integrity": "sha512-/PzmzD/zyAeTUsduZa32bn0ORug+Jd1EGGAUJvqfeixoEISYpGnAezN6lnJoskauoai0Jrs+XSyvDhppCPoKOA==",
      "cpu": [
        "x64"
      ],
      "dev": true,
      "optional": true,
      "os": [
        "netbsd"
      ],
      "engines": {
        "node": ">=12"
      }
    },
    "node_modules/@esbuild/openbsd-x64": {
      "version": "0.16.17",
      "resolved": "https://registry.npmjs.org/@esbuild/openbsd-x64/-/openbsd-x64-0.16.17.tgz",
      "integrity": "sha512-2yaWJhvxGEz2RiftSk0UObqJa/b+rIAjnODJgv2GbGGpRwAfpgzyrg1WLK8rqA24mfZa9GvpjLcBBg8JHkoodg==",
      "cpu": [
        "x64"
      ],
      "dev": true,
      "optional": true,
      "os": [
        "openbsd"
      ],
      "engines": {
        "node": ">=12"
      }
    },
    "node_modules/@esbuild/sunos-x64": {
      "version": "0.16.17",
      "resolved": "https://registry.npmjs.org/@esbuild/sunos-x64/-/sunos-x64-0.16.17.tgz",
      "integrity": "sha512-xtVUiev38tN0R3g8VhRfN7Zl42YCJvyBhRKw1RJjwE1d2emWTVToPLNEQj/5Qxc6lVFATDiy6LjVHYhIPrLxzw==",
      "cpu": [
        "x64"
      ],
      "dev": true,
      "optional": true,
      "os": [
        "sunos"
      ],
      "engines": {
        "node": ">=12"
      }
    },
    "node_modules/@esbuild/win32-arm64": {
      "version": "0.16.17",
      "resolved": "https://registry.npmjs.org/@esbuild/win32-arm64/-/win32-arm64-0.16.17.tgz",
      "integrity": "sha512-ga8+JqBDHY4b6fQAmOgtJJue36scANy4l/rL97W+0wYmijhxKetzZdKOJI7olaBaMhWt8Pac2McJdZLxXWUEQw==",
      "cpu": [
        "arm64"
      ],
      "dev": true,
      "optional": true,
      "os": [
        "win32"
      ],
      "engines": {
        "node": ">=12"
      }
    },
    "node_modules/@esbuild/win32-ia32": {
      "version": "0.16.17",
      "resolved": "https://registry.npmjs.org/@esbuild/win32-ia32/-/win32-ia32-0.16.17.tgz",
      "integrity": "sha512-WnsKaf46uSSF/sZhwnqE4L/F89AYNMiD4YtEcYekBt9Q7nj0DiId2XH2Ng2PHM54qi5oPrQ8luuzGszqi/veig==",
      "cpu": [
        "ia32"
      ],
      "dev": true,
      "optional": true,
      "os": [
        "win32"
      ],
      "engines": {
        "node": ">=12"
      }
    },
    "node_modules/@esbuild/win32-x64": {
      "version": "0.16.17",
      "resolved": "https://registry.npmjs.org/@esbuild/win32-x64/-/win32-x64-0.16.17.tgz",
      "integrity": "sha512-y+EHuSchhL7FjHgvQL/0fnnFmO4T1bhvWANX6gcnqTjtnKWbTvUMCpGnv2+t+31d7RzyEAYAd4u2fnIhHL6N/Q==",
      "cpu": [
        "x64"
      ],
      "dev": true,
      "optional": true,
      "os": [
        "win32"
      ],
      "engines": {
        "node": ">=12"
      }
    },
    "node_modules/@videojs/http-streaming": {
      "version": "2.16.2",
      "resolved": "https://registry.npmjs.org/@videojs/http-streaming/-/http-streaming-2.16.2.tgz",
      "integrity": "sha512-etPTUdCFu7gUWc+1XcbiPr+lrhOcBu3rV5OL1M+3PDW89zskScAkkcdqYzP4pFodBPye/ydamQoTDScOnElw5A==",
      "dependencies": {
        "@babel/runtime": "^7.12.5",
        "@videojs/vhs-utils": "3.0.5",
        "aes-decrypter": "3.1.3",
        "global": "^4.4.0",
        "m3u8-parser": "4.8.0",
        "mpd-parser": "^0.22.1",
        "mux.js": "6.0.1",
        "video.js": "^6 || ^7"
      },
      "engines": {
        "node": ">=8",
        "npm": ">=5"
      },
      "peerDependencies": {
        "video.js": "^6 || ^7"
      }
    },
    "node_modules/@videojs/vhs-utils": {
      "version": "3.0.5",
      "resolved": "https://registry.npmjs.org/@videojs/vhs-utils/-/vhs-utils-3.0.5.tgz",
      "integrity": "sha512-PKVgdo8/GReqdx512F+ombhS+Bzogiofy1LgAj4tN8PfdBx3HSS7V5WfJotKTqtOWGwVfSWsrYN/t09/DSryrw==",
      "dependencies": {
        "@babel/runtime": "^7.12.5",
        "global": "^4.4.0",
        "url-toolkit": "^2.2.1"
      },
      "engines": {
        "node": ">=8",
        "npm": ">=5"
      }
    },
    "node_modules/@videojs/xhr": {
      "version": "2.6.0",
      "resolved": "https://registry.npmjs.org/@videojs/xhr/-/xhr-2.6.0.tgz",
      "integrity": "sha512-7J361GiN1tXpm+gd0xz2QWr3xNWBE+rytvo8J3KuggFaLg+U37gZQ2BuPLcnkfGffy2e+ozY70RHC8jt7zjA6Q==",
      "dependencies": {
        "@babel/runtime": "^7.5.5",
        "global": "~4.4.0",
        "is-function": "^1.0.1"
      }
    },
    "node_modules/@xmldom/xmldom": {
      "version": "0.8.6",
      "resolved": "https://registry.npmjs.org/@xmldom/xmldom/-/xmldom-0.8.6.tgz",
      "integrity": "sha512-uRjjusqpoqfmRkTaNuLJ2VohVr67Q5YwDATW3VU7PfzTj6IRaihGrYI7zckGZjxQPBIp63nfvJbM+Yu5ICh0Bg==",
      "engines": {
        "node": ">=10.0.0"
      }
    },
    "node_modules/aes-decrypter": {
      "version": "3.1.3",
      "resolved": "https://registry.npmjs.org/aes-decrypter/-/aes-decrypter-3.1.3.tgz",
      "integrity": "sha512-VkG9g4BbhMBy+N5/XodDeV6F02chEk9IpgRTq/0bS80y4dzy79VH2Gtms02VXomf3HmyRe3yyJYkJ990ns+d6A==",
      "dependencies": {
        "@babel/runtime": "^7.12.5",
        "@videojs/vhs-utils": "^3.0.5",
        "global": "^4.4.0",
        "pkcs7": "^1.0.4"
      }
    },
    "node_modules/dom-walk": {
      "version": "0.1.2",
      "resolved": "https://registry.npmjs.org/dom-walk/-/dom-walk-0.1.2.tgz",
      "integrity": "sha512-6QvTW9mrGeIegrFXdtQi9pk7O/nSK6lSdXW2eqUspN5LWD7UTji2Fqw5V2YLjBpHEoU9Xl/eUWNpDeZvoyOv2w=="
    },
    "node_modules/esbuild": {
      "version": "0.16.17",
      "resolved": "https://registry.npmjs.org/esbuild/-/esbuild-0.16.17.tgz",
      "integrity": "sha512-G8LEkV0XzDMNwXKgM0Jwu3nY3lSTwSGY6XbxM9cr9+s0T/qSV1q1JVPBGzm3dcjhCic9+emZDmMffkwgPeOeLg==",
      "dev": true,
      "hasInstallScript": true,
      "bin": {
        "esbuild": "bin/esbuild"
      },
      "engines": {
        "node": ">=12"
      },
      "optionalDependencies": {
        "@esbuild/android-arm": "0.16.17",
        "@esbuild/android-arm64": "0.16.17",
        "@esbuild/android-x64": "0.16.17",
        "@esbuild/darwin-arm64": "0.16.17",
        "@esbuild/darwin-x64": "0.16.17",
        "@esbuild/freebsd-arm64": "0.16.17",
        "@esbuild/freebsd-x64": "0.16.17",
        "@esbuild/linux-arm": "0.16.17",
        "@esbuild/linux-arm64": "0.16.17",
        "@esbuild/linux-ia32": "0.16.17",
        "@esbuild/linux-loong64": "0.16.17",
        "@esbuild/linux-mips64el": "0.16.17",
        "@esbuild/linux-ppc64": "0.16.17",
        "@esbuild/linux-riscv64": "0.16.17",
        "@esbuild/linux-s390x": "0.16.17",
        "@esbuild/linux-x64": "0.16.17",
        "@esbuild/netbsd-x64": "0.16.17",
        "@esbuild/openbsd-x64": "0.16.17",
        "@esbuild/sunos-x64": "0.16.17",
        "@esbuild/win32-arm64": "0.16.17",
        "@esbuild/win32-ia32": "0.16.17",
        "@esbuild/win32-x64": "0.16.17"
      }
    },
    "node_modules/fsevents": {
      "version": "2.3.2",
      "resolved": "https://registry.npmjs.org/fsevents/-/fsevents-2.3.2.tgz",
      "integrity": "sha512-xiqMQR4xAeHTuB9uWm+fFRcIOgKBMiOBP+eXiyT7jsgVCq1bkVygt00oASowB7EdtpOHaaPgKt812P9ab+DDKA==",
      "dev": true,
      "hasInstallScript": true,
      "optional": true,
      "os": [
        "darwin"
      ],
      "engines": {
        "node": "^8.16.0 || ^10.6.0 || >=11.0.0"
      }
    },
    "node_modules/function-bind": {
      "version": "1.1.1",
      "resolved": "https://registry.npmjs.org/function-bind/-/function-bind-1.1.1.tgz",
      "integrity": "sha512-yIovAzMX49sF8Yl58fSCWJ5svSLuaibPxXQJFLmBObTuCr0Mf1KiPopGM9NiFjiYBCbfaa2Fh6breQ6ANVTI0A==",
      "dev": true
    },
    "node_modules/global": {
      "version": "4.4.0",
      "resolved": "https://registry.npmjs.org/global/-/global-4.4.0.tgz",
      "integrity": "sha512-wv/LAoHdRE3BeTGz53FAamhGlPLhlssK45usmGFThIi4XqnBmjKQ16u+RNbP7WvigRZDxUsM0J3gcQ5yicaL0w==",
      "dependencies": {
        "min-document": "^2.19.0",
        "process": "^0.11.10"
      }
    },
    "node_modules/has": {
      "version": "1.0.3",
      "resolved": "https://registry.npmjs.org/has/-/has-1.0.3.tgz",
      "integrity": "sha512-f2dvO0VU6Oej7RkWJGrehjbzMAjFp5/VKPp5tTpWIV4JHHZK1/BxbFRtf/siA2SWTe09caDmVtYYzWEIbBS4zw==",
      "dev": true,
      "dependencies": {
        "function-bind": "^1.1.1"
      },
      "engines": {
        "node": ">= 0.4.0"
      }
    },
    "node_modules/individual": {
      "version": "2.0.0",
      "resolved": "https://registry.npmjs.org/individual/-/individual-2.0.0.tgz",
      "integrity": "sha512-pWt8hBCqJsUWI/HtcfWod7+N9SgAqyPEaF7JQjwzjn5vGrpg6aQ5qeAFQ7dx//UH4J1O+7xqew+gCeeFt6xN/g=="
    },
    "node_modules/is-core-module": {
      "version": "2.11.0",
      "resolved": "https://registry.npmjs.org/is-core-module/-/is-core-module-2.11.0.tgz",
      "integrity": "sha512-RRjxlvLDkD1YJwDbroBHMb+cukurkDWNyHx7D3oNB5x9rb5ogcksMC5wHCadcXoo67gVr/+3GFySh3134zi6rw==",
      "dev": true,
      "dependencies": {
        "has": "^1.0.3"
      },
      "funding": {
        "url": "https://github.com/sponsors/ljharb"
      }
    },
    "node_modules/is-function": {
      "version": "1.0.2",
      "resolved": "https://registry.npmjs.org/is-function/-/is-function-1.0.2.tgz",
      "integrity": "sha512-lw7DUp0aWXYg+CBCN+JKkcE0Q2RayZnSvnZBlwgxHBQhqt5pZNVy4Ri7H9GmmXkdu7LUthszM+Tor1u/2iBcpQ=="
    },
    "node_modules/keycode": {
      "version": "2.2.1",
      "resolved": "https://registry.npmjs.org/keycode/-/keycode-2.2.1.tgz",
      "integrity": "sha512-Rdgz9Hl9Iv4QKi8b0OlCRQEzp4AgVxyCtz5S/+VIHezDmrDhkp2N2TqBWOLz0/gbeREXOOiI9/4b8BY9uw2vFg=="
    },
    "node_modules/m3u8-parser": {
      "version": "4.8.0",
      "resolved": "https://registry.npmjs.org/m3u8-parser/-/m3u8-parser-4.8.0.tgz",
      "integrity": "sha512-UqA2a/Pw3liR6Df3gwxrqghCP17OpPlQj6RBPLYygf/ZSQ4MoSgvdvhvt35qV+3NaaA0FSZx93Ix+2brT1U7cA==",
      "dependencies": {
        "@babel/runtime": "^7.12.5",
        "@videojs/vhs-utils": "^3.0.5",
        "global": "^4.4.0"
      }
    },
    "node_modules/min-document": {
      "version": "2.19.0",
      "resolved": "https://registry.npmjs.org/min-document/-/min-document-2.19.0.tgz",
      "integrity": "sha512-9Wy1B3m3f66bPPmU5hdA4DR4PB2OfDU/+GS3yAB7IQozE3tqXaVv2zOjgla7MEGSRv95+ILmOuvhLkOK6wJtCQ==",
      "dependencies": {
        "dom-walk": "^0.1.0"
      }
    },
    "node_modules/mpd-parser": {
      "version": "0.22.1",
      "resolved": "https://registry.npmjs.org/mpd-parser/-/mpd-parser-0.22.1.tgz",
      "integrity": "sha512-fwBebvpyPUU8bOzvhX0VQZgSohncbgYwUyJJoTSNpmy7ccD2ryiCvM7oRkn/xQH5cv73/xU7rJSNCLjdGFor0Q==",
      "dependencies": {
        "@babel/runtime": "^7.12.5",
        "@videojs/vhs-utils": "^3.0.5",
        "@xmldom/xmldom": "^0.8.3",
        "global": "^4.4.0"
      },
      "bin": {
        "mpd-to-m3u8-json": "bin/parse.js"
      }
    },
    "node_modules/mux.js": {
      "version": "6.0.1",
      "resolved": "https://registry.npmjs.org/mux.js/-/mux.js-6.0.1.tgz",
      "integrity": "sha512-22CHb59rH8pWGcPGW5Og7JngJ9s+z4XuSlYvnxhLuc58cA1WqGDQPzuG8I+sPm1/p0CdgpzVTaKW408k5DNn8w==",
      "dependencies": {
        "@babel/runtime": "^7.11.2",
        "global": "^4.4.0"
      },
      "bin": {
        "muxjs-transmux": "bin/transmux.js"
      },
      "engines": {
        "node": ">=8",
        "npm": ">=5"
      }
    },
    "node_modules/nanoid": {
      "version": "3.3.4",
      "resolved": "https://registry.npmjs.org/nanoid/-/nanoid-3.3.4.tgz",
      "integrity": "sha512-MqBkQh/OHTS2egovRtLk45wEyNXwF+cokD+1YPf9u5VfJiRdAiRwB2froX5Co9Rh20xs4siNPm8naNotSD6RBw==",
      "dev": true,
      "bin": {
        "nanoid": "bin/nanoid.cjs"
      },
      "engines": {
        "node": "^10 || ^12 || ^13.7 || ^14 || >=15.0.1"
      }
    },
    "node_modules/path-parse": {
      "version": "1.0.7",
      "resolved": "https://registry.npmjs.org/path-parse/-/path-parse-1.0.7.tgz",
      "integrity": "sha512-LDJzPVEEEPR+y48z93A0Ed0yXb8pAByGWo/k5YYdYgpY2/2EsOsksJrq7lOHxryrVOn1ejG6oAp8ahvOIQD8sw==",
      "dev": true
    },
    "node_modules/picocolors": {
      "version": "1.0.0",
      "resolved": "https://registry.npmjs.org/picocolors/-/picocolors-1.0.0.tgz",
      "integrity": "sha512-1fygroTLlHu66zi26VoTDv8yRgm0Fccecssto+MhsZ0D/DGW2sm8E8AjW7NU5VVTRt5GxbeZ5qBuJr+HyLYkjQ==",
      "dev": true
    },
    "node_modules/pkcs7": {
      "version": "1.0.4",
      "resolved": "https://registry.npmjs.org/pkcs7/-/pkcs7-1.0.4.tgz",
      "integrity": "sha512-afRERtHn54AlwaF2/+LFszyAANTCggGilmcmILUzEjvs3XgFZT+xE6+QWQcAGmu4xajy+Xtj7acLOPdx5/eXWQ==",
      "dependencies": {
        "@babel/runtime": "^7.5.5"
      },
      "bin": {
        "pkcs7": "bin/cli.js"
      }
    },
    "node_modules/postcss": {
      "version": "8.4.21",
      "resolved": "https://registry.npmjs.org/postcss/-/postcss-8.4.21.tgz",
      "integrity": "sha512-tP7u/Sn/dVxK2NnruI4H9BG+x+Wxz6oeZ1cJ8P6G/PZY0IKk4k/63TDsQf2kQq3+qoJeLm2kIBUNlZe3zgb4Zg==",
      "dev": true,
      "funding": [
        {
          "type": "opencollective",
          "url": "https://opencollective.com/postcss/"
        },
        {
          "type": "tidelift",
          "url": "https://tidelift.com/funding/github/npm/postcss"
        }
      ],
      "dependencies": {
        "nanoid": "^3.3.4",
        "picocolors": "^1.0.0",
        "source-map-js": "^1.0.2"
      },
      "engines": {
        "node": "^10 || ^12 || >=14"
      }
    },
    "node_modules/process": {
      "version": "0.11.10",
      "resolved": "https://registry.npmjs.org/process/-/process-0.11.10.tgz",
      "integrity": "sha512-cdGef/drWFoydD1JsMzuFf8100nZl+GT+yacc2bEced5f9Rjk4z+WtFUTBu9PhOi9j/jfmBPu0mMEY4wIdAF8A==",
      "engines": {
        "node": ">= 0.6.0"
      }
    },
    "node_modules/regenerator-runtime": {
      "version": "0.13.11",
      "resolved": "https://registry.npmjs.org/regenerator-runtime/-/regenerator-runtime-0.13.11.tgz",
      "integrity": "sha512-kY1AZVr2Ra+t+piVaJ4gxaFaReZVH40AKNo7UCX6W+dEwBo/2oZJzqfuN1qLq1oL45o56cPaTXELwrTh8Fpggg=="
    },
    "node_modules/resolve": {
      "version": "1.22.1",
      "resolved": "https://registry.npmjs.org/resolve/-/resolve-1.22.1.tgz",
      "integrity": "sha512-nBpuuYuY5jFsli/JIs1oldw6fOQCBioohqWZg/2hiaOybXOft4lonv85uDOKXdf8rhyK159cxU5cDcK/NKk8zw==",
      "dev": true,
      "dependencies": {
        "is-core-module": "^2.9.0",
        "path-parse": "^1.0.7",
        "supports-preserve-symlinks-flag": "^1.0.0"
      },
      "bin": {
        "resolve": "bin/resolve"
      },
      "funding": {
        "url": "https://github.com/sponsors/ljharb"
      }
    },
    "node_modules/rollup": {
      "version": "3.10.0",
      "resolved": "https://registry.npmjs.org/rollup/-/rollup-3.10.0.tgz",
      "integrity": "sha512-JmRYz44NjC1MjVF2VKxc0M1a97vn+cDxeqWmnwyAF4FvpjK8YFdHpaqvQB+3IxCvX05vJxKZkoMDU8TShhmJVA==",
      "dev": true,
      "bin": {
        "rollup": "dist/bin/rollup"
      },
      "engines": {
        "node": ">=14.18.0",
        "npm": ">=8.0.0"
      },
      "optionalDependencies": {
        "fsevents": "~2.3.2"
      }
    },
    "node_modules/rust-result": {
      "version": "1.0.0",
      "resolved": "https://registry.npmjs.org/rust-result/-/rust-result-1.0.0.tgz",
      "integrity": "sha512-6cJzSBU+J/RJCF063onnQf0cDUOHs9uZI1oroSGnHOph+CQTIJ5Pp2hK5kEQq1+7yE/EEWfulSNXAQ2jikPthA==",
      "dependencies": {
        "individual": "^2.0.0"
      }
    },
    "node_modules/safe-json-parse": {
      "version": "4.0.0",
      "resolved": "https://registry.npmjs.org/safe-json-parse/-/safe-json-parse-4.0.0.tgz",
      "integrity": "sha512-RjZPPHugjK0TOzFrLZ8inw44s9bKox99/0AZW9o/BEQVrJfhI+fIHMErnPyRa89/yRXUUr93q+tiN6zhoVV4wQ==",
      "dependencies": {
        "rust-result": "^1.0.0"
      }
    },
    "node_modules/source-map-js": {
      "version": "1.0.2",
      "resolved": "https://registry.npmjs.org/source-map-js/-/source-map-js-1.0.2.tgz",
      "integrity": "sha512-R0XvVJ9WusLiqTCEiGCmICCMplcCkIwwR11mOSD9CR5u+IXYdiseeEuXCVAjS54zqwkLcPNnmU4OeJ6tUrWhDw==",
      "dev": true,
      "engines": {
        "node": ">=0.10.0"
      }
    },
    "node_modules/supports-preserve-symlinks-flag": {
      "version": "1.0.0",
      "resolved": "https://registry.npmjs.org/supports-preserve-symlinks-flag/-/supports-preserve-symlinks-flag-1.0.0.tgz",
      "integrity": "sha512-ot0WnXS9fgdkgIcePe6RHNk1WA8+muPa6cSjeR3V8K27q9BB1rTE3R1p7Hv0z1ZyAc8s6Vvv8DIyWf681MAt0w==",
      "dev": true,
      "engines": {
        "node": ">= 0.4"
      },
      "funding": {
        "url": "https://github.com/sponsors/ljharb"
      }
    },
    "node_modules/url-toolkit": {
      "version": "2.2.5",
      "resolved": "https://registry.npmjs.org/url-toolkit/-/url-toolkit-2.2.5.tgz",
      "integrity": "sha512-mtN6xk+Nac+oyJ/PrI7tzfmomRVNFIWKUbG8jdYFt52hxbiReFAXIjYskvu64/dvuW71IcB7lV8l0HvZMac6Jg=="
    },
    "node_modules/video.js": {
      "version": "7.21.4",
      "resolved": "https://registry.npmjs.org/video.js/-/video.js-7.21.4.tgz",
      "integrity": "sha512-R5e57M/5uqxQMQpFpybNbd8GtiRwFJPqkHjrhv0QTJ2tqnesbjETbck5kU5dhFr1FevsJRFhjBG4hAnvRGnXbw==",
      "dependencies": {
        "@babel/runtime": "^7.12.5",
        "@videojs/http-streaming": "2.16.2",
        "@videojs/vhs-utils": "^3.0.4",
        "@videojs/xhr": "2.6.0",
        "aes-decrypter": "3.1.3",
        "global": "^4.4.0",
        "keycode": "^2.2.0",
        "m3u8-parser": "4.8.0",
        "mpd-parser": "0.22.1",
        "mux.js": "6.0.1",
        "safe-json-parse": "4.0.0",
        "videojs-font": "3.2.0",
        "videojs-vtt.js": "^0.15.4"
      }
    },
    "node_modules/videojs-font": {
      "version": "3.2.0",
      "resolved": "https://registry.npmjs.org/videojs-font/-/videojs-font-3.2.0.tgz",
      "integrity": "sha512-g8vHMKK2/JGorSfqAZQUmYYNnXmfec4MLhwtEFS+mMs2IDY398GLysy6BH6K+aS1KMNu/xWZ8Sue/X/mdQPliA=="
    },
    "node_modules/videojs-resolution-switcher": {
      "version": "0.4.2",
      "resolved": "git+ssh://git@github.com/millicast/videojs-resolution-switcher.git#dd41a714f98cac0de16c83f9f55788cf0792bd60",
      "license": "Apache-2.0",
      "peerDependencies": {
        "video.js": "^7.14.3"
      }
    },
    "node_modules/videojs-vtt.js": {
      "version": "0.15.4",
      "resolved": "https://registry.npmjs.org/videojs-vtt.js/-/videojs-vtt.js-0.15.4.tgz",
      "integrity": "sha512-r6IhM325fcLb1D6pgsMkTQT1PpFdUdYZa1iqk7wJEu+QlibBwATPfPc9Bg8Jiym0GE5yP1AG2rMLu+QMVWkYtA==",
      "dependencies": {
        "global": "^4.3.1"
      }
    },
    "node_modules/vite": {
      "version": "4.0.4",
      "resolved": "https://registry.npmjs.org/vite/-/vite-4.0.4.tgz",
      "integrity": "sha512-xevPU7M8FU0i/80DMR+YhgrzR5KS2ORy1B4xcX/cXLsvnUWvfHuqMmVU6N0YiJ4JWGRJJsLCgjEzKjG9/GKoSw==",
      "dev": true,
      "dependencies": {
        "esbuild": "^0.16.3",
        "postcss": "^8.4.20",
        "resolve": "^1.22.1",
        "rollup": "^3.7.0"
      },
      "bin": {
        "vite": "bin/vite.js"
      },
      "engines": {
        "node": "^14.18.0 || >=16.0.0"
      },
      "optionalDependencies": {
        "fsevents": "~2.3.2"
      },
      "peerDependencies": {
        "@types/node": ">= 14",
        "less": "*",
        "sass": "*",
        "stylus": "*",
        "sugarss": "*",
        "terser": "^5.4.0"
      },
      "peerDependenciesMeta": {
        "@types/node": {
          "optional": true
        },
        "less": {
          "optional": true
        },
        "sass": {
          "optional": true
        },
        "stylus": {
          "optional": true
        },
        "sugarss": {
          "optional": true
        },
        "terser": {
          "optional": true
        }
      }
    },
    "node_modules/whip": {
      "name": "whip-whep",
      "version": "1.0.3",
      "resolved": "git+ssh://git@github.com/medooze/whip-whep-js.git",
      "integrity": "sha512-0mEPZk2sAqWoeQZi7y9DnvupLjvz2gxb7SwbNzN2ky4sY0NNQoQyeS2k/4TueiwwV+FgMoFCYjVr1yrpHFJq7A==",
      "license": "MIT"
    }
  },
  "dependencies": {
    "@babel/runtime": {
      "version": "7.21.0",
      "resolved": "https://registry.npmjs.org/@babel/runtime/-/runtime-7.21.0.tgz",
      "integrity": "sha512-xwII0//EObnq89Ji5AKYQaRYiW/nZ3llSv29d49IuxPhKbtJoLP+9QUUZ4nVragQVtaVGeZrpB+ZtG/Pdy/POw==",
      "requires": {
        "regenerator-runtime": "^0.13.11"
      }
    },
    "@esbuild/android-arm": {
      "version": "0.16.17",
      "resolved": "https://registry.npmjs.org/@esbuild/android-arm/-/android-arm-0.16.17.tgz",
      "integrity": "sha512-N9x1CMXVhtWEAMS7pNNONyA14f71VPQN9Cnavj1XQh6T7bskqiLLrSca4O0Vr8Wdcga943eThxnVp3JLnBMYtw==",
      "dev": true,
      "optional": true
    },
    "@esbuild/android-arm64": {
      "version": "0.16.17",
      "resolved": "https://registry.npmjs.org/@esbuild/android-arm64/-/android-arm64-0.16.17.tgz",
      "integrity": "sha512-MIGl6p5sc3RDTLLkYL1MyL8BMRN4tLMRCn+yRJJmEDvYZ2M7tmAf80hx1kbNEUX2KJ50RRtxZ4JHLvCfuB6kBg==",
      "dev": true,
      "optional": true
    },
    "@esbuild/android-x64": {
      "version": "0.16.17",
      "resolved": "https://registry.npmjs.org/@esbuild/android-x64/-/android-x64-0.16.17.tgz",
      "integrity": "sha512-a3kTv3m0Ghh4z1DaFEuEDfz3OLONKuFvI4Xqczqx4BqLyuFaFkuaG4j2MtA6fuWEFeC5x9IvqnX7drmRq/fyAQ==",
      "dev": true,
      "optional": true
    },
    "@esbuild/darwin-arm64": {
      "version": "0.16.17",
      "resolved": "https://registry.npmjs.org/@esbuild/darwin-arm64/-/darwin-arm64-0.16.17.tgz",
      "integrity": "sha512-/2agbUEfmxWHi9ARTX6OQ/KgXnOWfsNlTeLcoV7HSuSTv63E4DqtAc+2XqGw1KHxKMHGZgbVCZge7HXWX9Vn+w==",
      "dev": true,
      "optional": true
    },
    "@esbuild/darwin-x64": {
      "version": "0.16.17",
      "resolved": "https://registry.npmjs.org/@esbuild/darwin-x64/-/darwin-x64-0.16.17.tgz",
      "integrity": "sha512-2By45OBHulkd9Svy5IOCZt376Aa2oOkiE9QWUK9fe6Tb+WDr8hXL3dpqi+DeLiMed8tVXspzsTAvd0jUl96wmg==",
      "dev": true,
      "optional": true
    },
    "@esbuild/freebsd-arm64": {
      "version": "0.16.17",
      "resolved": "https://registry.npmjs.org/@esbuild/freebsd-arm64/-/freebsd-arm64-0.16.17.tgz",
      "integrity": "sha512-mt+cxZe1tVx489VTb4mBAOo2aKSnJ33L9fr25JXpqQqzbUIw/yzIzi+NHwAXK2qYV1lEFp4OoVeThGjUbmWmdw==",
      "dev": true,
      "optional": true
    },
    "@esbuild/freebsd-x64": {
      "version": "0.16.17",
      "resolved": "https://registry.npmjs.org/@esbuild/freebsd-x64/-/freebsd-x64-0.16.17.tgz",
      "integrity": "sha512-8ScTdNJl5idAKjH8zGAsN7RuWcyHG3BAvMNpKOBaqqR7EbUhhVHOqXRdL7oZvz8WNHL2pr5+eIT5c65kA6NHug==",
      "dev": true,
      "optional": true
    },
    "@esbuild/linux-arm": {
      "version": "0.16.17",
      "resolved": "https://registry.npmjs.org/@esbuild/linux-arm/-/linux-arm-0.16.17.tgz",
      "integrity": "sha512-iihzrWbD4gIT7j3caMzKb/RsFFHCwqqbrbH9SqUSRrdXkXaygSZCZg1FybsZz57Ju7N/SHEgPyaR0LZ8Zbe9gQ==",
      "dev": true,
      "optional": true
    },
    "@esbuild/linux-arm64": {
      "version": "0.16.17",
      "resolved": "https://registry.npmjs.org/@esbuild/linux-arm64/-/linux-arm64-0.16.17.tgz",
      "integrity": "sha512-7S8gJnSlqKGVJunnMCrXHU9Q8Q/tQIxk/xL8BqAP64wchPCTzuM6W3Ra8cIa1HIflAvDnNOt2jaL17vaW+1V0g==",
      "dev": true,
      "optional": true
    },
    "@esbuild/linux-ia32": {
      "version": "0.16.17",
      "resolved": "https://registry.npmjs.org/@esbuild/linux-ia32/-/linux-ia32-0.16.17.tgz",
      "integrity": "sha512-kiX69+wcPAdgl3Lonh1VI7MBr16nktEvOfViszBSxygRQqSpzv7BffMKRPMFwzeJGPxcio0pdD3kYQGpqQ2SSg==",
      "dev": true,
      "optional": true
    },
    "@esbuild/linux-loong64": {
      "version": "0.16.17",
      "resolved": "https://registry.npmjs.org/@esbuild/linux-loong64/-/linux-loong64-0.16.17.tgz",
      "integrity": "sha512-dTzNnQwembNDhd654cA4QhbS9uDdXC3TKqMJjgOWsC0yNCbpzfWoXdZvp0mY7HU6nzk5E0zpRGGx3qoQg8T2DQ==",
      "dev": true,
      "optional": true
    },
    "@esbuild/linux-mips64el": {
      "version": "0.16.17",
      "resolved": "https://registry.npmjs.org/@esbuild/linux-mips64el/-/linux-mips64el-0.16.17.tgz",
      "integrity": "sha512-ezbDkp2nDl0PfIUn0CsQ30kxfcLTlcx4Foz2kYv8qdC6ia2oX5Q3E/8m6lq84Dj/6b0FrkgD582fJMIfHhJfSw==",
      "dev": true,
      "optional": true
    },
    "@esbuild/linux-ppc64": {
      "version": "0.16.17",
      "resolved": "https://registry.npmjs.org/@esbuild/linux-ppc64/-/linux-ppc64-0.16.17.tgz",
      "integrity": "sha512-dzS678gYD1lJsW73zrFhDApLVdM3cUF2MvAa1D8K8KtcSKdLBPP4zZSLy6LFZ0jYqQdQ29bjAHJDgz0rVbLB3g==",
      "dev": true,
      "optional": true
    },
    "@esbuild/linux-riscv64": {
      "version": "0.16.17",
      "resolved": "https://registry.npmjs.org/@esbuild/linux-riscv64/-/linux-riscv64-0.16.17.tgz",
      "integrity": "sha512-ylNlVsxuFjZK8DQtNUwiMskh6nT0vI7kYl/4fZgV1llP5d6+HIeL/vmmm3jpuoo8+NuXjQVZxmKuhDApK0/cKw==",
      "dev": true,
      "optional": true
    },
    "@esbuild/linux-s390x": {
      "version": "0.16.17",
      "resolved": "https://registry.npmjs.org/@esbuild/linux-s390x/-/linux-s390x-0.16.17.tgz",
      "integrity": "sha512-gzy7nUTO4UA4oZ2wAMXPNBGTzZFP7mss3aKR2hH+/4UUkCOyqmjXiKpzGrY2TlEUhbbejzXVKKGazYcQTZWA/w==",
      "dev": true,
      "optional": true
    },
    "@esbuild/linux-x64": {
      "version": "0.16.17",
      "resolved": "https://registry.npmjs.org/@esbuild/linux-x64/-/linux-x64-0.16.17.tgz",
      "integrity": "sha512-mdPjPxfnmoqhgpiEArqi4egmBAMYvaObgn4poorpUaqmvzzbvqbowRllQ+ZgzGVMGKaPkqUmPDOOFQRUFDmeUw==",
      "dev": true,
      "optional": true
    },
    "@esbuild/netbsd-x64": {
      "version": "0.16.17",
      "resolved": "https://registry.npmjs.org/@esbuild/netbsd-x64/-/netbsd-x64-0.16.17.tgz",
      "integrity": "sha512-/PzmzD/zyAeTUsduZa32bn0ORug+Jd1EGGAUJvqfeixoEISYpGnAezN6lnJoskauoai0Jrs+XSyvDhppCPoKOA==",
      "dev": true,
      "optional": true
    },
    "@esbuild/openbsd-x64": {
      "version": "0.16.17",
      "resolved": "https://registry.npmjs.org/@esbuild/openbsd-x64/-/openbsd-x64-0.16.17.tgz",
      "integrity": "sha512-2yaWJhvxGEz2RiftSk0UObqJa/b+rIAjnODJgv2GbGGpRwAfpgzyrg1WLK8rqA24mfZa9GvpjLcBBg8JHkoodg==",
      "dev": true,
      "optional": true
    },
    "@esbuild/sunos-x64": {
      "version": "0.16.17",
      "resolved": "https://registry.npmjs.org/@esbuild/sunos-x64/-/sunos-x64-0.16.17.tgz",
      "integrity": "sha512-xtVUiev38tN0R3g8VhRfN7Zl42YCJvyBhRKw1RJjwE1d2emWTVToPLNEQj/5Qxc6lVFATDiy6LjVHYhIPrLxzw==",
      "dev": true,
      "optional": true
    },
    "@esbuild/win32-arm64": {
      "version": "0.16.17",
      "resolved": "https://registry.npmjs.org/@esbuild/win32-arm64/-/win32-arm64-0.16.17.tgz",
      "integrity": "sha512-ga8+JqBDHY4b6fQAmOgtJJue36scANy4l/rL97W+0wYmijhxKetzZdKOJI7olaBaMhWt8Pac2McJdZLxXWUEQw==",
      "dev": true,
      "optional": true
    },
    "@esbuild/win32-ia32": {
      "version": "0.16.17",
      "resolved": "https://registry.npmjs.org/@esbuild/win32-ia32/-/win32-ia32-0.16.17.tgz",
      "integrity": "sha512-WnsKaf46uSSF/sZhwnqE4L/F89AYNMiD4YtEcYekBt9Q7nj0DiId2XH2Ng2PHM54qi5oPrQ8luuzGszqi/veig==",
      "dev": true,
      "optional": true
    },
    "@esbuild/win32-x64": {
      "version": "0.16.17",
      "resolved": "https://registry.npmjs.org/@esbuild/win32-x64/-/win32-x64-0.16.17.tgz",
      "integrity": "sha512-y+EHuSchhL7FjHgvQL/0fnnFmO4T1bhvWANX6gcnqTjtnKWbTvUMCpGnv2+t+31d7RzyEAYAd4u2fnIhHL6N/Q==",
      "dev": true,
      "optional": true
    },
    "@videojs/http-streaming": {
      "version": "2.16.2",
      "resolved": "https://registry.npmjs.org/@videojs/http-streaming/-/http-streaming-2.16.2.tgz",
      "integrity": "sha512-etPTUdCFu7gUWc+1XcbiPr+lrhOcBu3rV5OL1M+3PDW89zskScAkkcdqYzP4pFodBPye/ydamQoTDScOnElw5A==",
      "requires": {
        "@babel/runtime": "^7.12.5",
        "@videojs/vhs-utils": "3.0.5",
        "aes-decrypter": "3.1.3",
        "global": "^4.4.0",
        "m3u8-parser": "4.8.0",
        "mpd-parser": "^0.22.1",
        "mux.js": "6.0.1",
        "video.js": "^6 || ^7"
      }
    },
    "@videojs/vhs-utils": {
      "version": "3.0.5",
      "resolved": "https://registry.npmjs.org/@videojs/vhs-utils/-/vhs-utils-3.0.5.tgz",
      "integrity": "sha512-PKVgdo8/GReqdx512F+ombhS+Bzogiofy1LgAj4tN8PfdBx3HSS7V5WfJotKTqtOWGwVfSWsrYN/t09/DSryrw==",
      "requires": {
        "@babel/runtime": "^7.12.5",
        "global": "^4.4.0",
        "url-toolkit": "^2.2.1"
      }
    },
    "@videojs/xhr": {
      "version": "2.6.0",
      "resolved": "https://registry.npmjs.org/@videojs/xhr/-/xhr-2.6.0.tgz",
      "integrity": "sha512-7J361GiN1tXpm+gd0xz2QWr3xNWBE+rytvo8J3KuggFaLg+U37gZQ2BuPLcnkfGffy2e+ozY70RHC8jt7zjA6Q==",
      "requires": {
        "@babel/runtime": "^7.5.5",
        "global": "~4.4.0",
        "is-function": "^1.0.1"
      }
    },
    "@xmldom/xmldom": {
      "version": "0.8.6",
      "resolved": "https://registry.npmjs.org/@xmldom/xmldom/-/xmldom-0.8.6.tgz",
      "integrity": "sha512-uRjjusqpoqfmRkTaNuLJ2VohVr67Q5YwDATW3VU7PfzTj6IRaihGrYI7zckGZjxQPBIp63nfvJbM+Yu5ICh0Bg=="
    },
    "aes-decrypter": {
      "version": "3.1.3",
      "resolved": "https://registry.npmjs.org/aes-decrypter/-/aes-decrypter-3.1.3.tgz",
      "integrity": "sha512-VkG9g4BbhMBy+N5/XodDeV6F02chEk9IpgRTq/0bS80y4dzy79VH2Gtms02VXomf3HmyRe3yyJYkJ990ns+d6A==",
      "requires": {
        "@babel/runtime": "^7.12.5",
        "@videojs/vhs-utils": "^3.0.5",
        "global": "^4.4.0",
        "pkcs7": "^1.0.4"
      }
    },
    "dom-walk": {
      "version": "0.1.2",
      "resolved": "https://registry.npmjs.org/dom-walk/-/dom-walk-0.1.2.tgz",
      "integrity": "sha512-6QvTW9mrGeIegrFXdtQi9pk7O/nSK6lSdXW2eqUspN5LWD7UTji2Fqw5V2YLjBpHEoU9Xl/eUWNpDeZvoyOv2w=="
    },
    "esbuild": {
      "version": "0.16.17",
      "resolved": "https://registry.npmjs.org/esbuild/-/esbuild-0.16.17.tgz",
      "integrity": "sha512-G8LEkV0XzDMNwXKgM0Jwu3nY3lSTwSGY6XbxM9cr9+s0T/qSV1q1JVPBGzm3dcjhCic9+emZDmMffkwgPeOeLg==",
      "dev": true,
      "requires": {
        "@esbuild/android-arm": "0.16.17",
        "@esbuild/android-arm64": "0.16.17",
        "@esbuild/android-x64": "0.16.17",
        "@esbuild/darwin-arm64": "0.16.17",
        "@esbuild/darwin-x64": "0.16.17",
        "@esbuild/freebsd-arm64": "0.16.17",
        "@esbuild/freebsd-x64": "0.16.17",
        "@esbuild/linux-arm": "0.16.17",
        "@esbuild/linux-arm64": "0.16.17",
        "@esbuild/linux-ia32": "0.16.17",
        "@esbuild/linux-loong64": "0.16.17",
        "@esbuild/linux-mips64el": "0.16.17",
        "@esbuild/linux-ppc64": "0.16.17",
        "@esbuild/linux-riscv64": "0.16.17",
        "@esbuild/linux-s390x": "0.16.17",
        "@esbuild/linux-x64": "0.16.17",
        "@esbuild/netbsd-x64": "0.16.17",
        "@esbuild/openbsd-x64": "0.16.17",
        "@esbuild/sunos-x64": "0.16.17",
        "@esbuild/win32-arm64": "0.16.17",
        "@esbuild/win32-ia32": "0.16.17",
        "@esbuild/win32-x64": "0.16.17"
      }
    },
    "fsevents": {
      "version": "2.3.2",
      "resolved": "https://registry.npmjs.org/fsevents/-/fsevents-2.3.2.tgz",
      "integrity": "sha512-xiqMQR4xAeHTuB9uWm+fFRcIOgKBMiOBP+eXiyT7jsgVCq1bkVygt00oASowB7EdtpOHaaPgKt812P9ab+DDKA==",
      "dev": true,
      "optional": true
    },
    "function-bind": {
      "version": "1.1.1",
      "resolved": "https://registry.npmjs.org/function-bind/-/function-bind-1.1.1.tgz",
      "integrity": "sha512-yIovAzMX49sF8Yl58fSCWJ5svSLuaibPxXQJFLmBObTuCr0Mf1KiPopGM9NiFjiYBCbfaa2Fh6breQ6ANVTI0A==",
      "dev": true
    },
    "global": {
      "version": "4.4.0",
      "resolved": "https://registry.npmjs.org/global/-/global-4.4.0.tgz",
      "integrity": "sha512-wv/LAoHdRE3BeTGz53FAamhGlPLhlssK45usmGFThIi4XqnBmjKQ16u+RNbP7WvigRZDxUsM0J3gcQ5yicaL0w==",
      "requires": {
        "min-document": "^2.19.0",
        "process": "^0.11.10"
      }
    },
    "has": {
      "version": "1.0.3",
      "resolved": "https://registry.npmjs.org/has/-/has-1.0.3.tgz",
      "integrity": "sha512-f2dvO0VU6Oej7RkWJGrehjbzMAjFp5/VKPp5tTpWIV4JHHZK1/BxbFRtf/siA2SWTe09caDmVtYYzWEIbBS4zw==",
      "dev": true,
      "requires": {
        "function-bind": "^1.1.1"
      }
    },
    "individual": {
      "version": "2.0.0",
      "resolved": "https://registry.npmjs.org/individual/-/individual-2.0.0.tgz",
      "integrity": "sha512-pWt8hBCqJsUWI/HtcfWod7+N9SgAqyPEaF7JQjwzjn5vGrpg6aQ5qeAFQ7dx//UH4J1O+7xqew+gCeeFt6xN/g=="
    },
    "is-core-module": {
      "version": "2.11.0",
      "resolved": "https://registry.npmjs.org/is-core-module/-/is-core-module-2.11.0.tgz",
      "integrity": "sha512-RRjxlvLDkD1YJwDbroBHMb+cukurkDWNyHx7D3oNB5x9rb5ogcksMC5wHCadcXoo67gVr/+3GFySh3134zi6rw==",
      "dev": true,
      "requires": {
        "has": "^1.0.3"
      }
    },
    "is-function": {
      "version": "1.0.2",
      "resolved": "https://registry.npmjs.org/is-function/-/is-function-1.0.2.tgz",
      "integrity": "sha512-lw7DUp0aWXYg+CBCN+JKkcE0Q2RayZnSvnZBlwgxHBQhqt5pZNVy4Ri7H9GmmXkdu7LUthszM+Tor1u/2iBcpQ=="
    },
    "keycode": {
      "version": "2.2.1",
      "resolved": "https://registry.npmjs.org/keycode/-/keycode-2.2.1.tgz",
      "integrity": "sha512-Rdgz9Hl9Iv4QKi8b0OlCRQEzp4AgVxyCtz5S/+VIHezDmrDhkp2N2TqBWOLz0/gbeREXOOiI9/4b8BY9uw2vFg=="
    },
    "m3u8-parser": {
      "version": "4.8.0",
      "resolved": "https://registry.npmjs.org/m3u8-parser/-/m3u8-parser-4.8.0.tgz",
      "integrity": "sha512-UqA2a/Pw3liR6Df3gwxrqghCP17OpPlQj6RBPLYygf/ZSQ4MoSgvdvhvt35qV+3NaaA0FSZx93Ix+2brT1U7cA==",
      "requires": {
        "@babel/runtime": "^7.12.5",
        "@videojs/vhs-utils": "^3.0.5",
        "global": "^4.4.0"
      }
    },
    "min-document": {
      "version": "2.19.0",
      "resolved": "https://registry.npmjs.org/min-document/-/min-document-2.19.0.tgz",
      "integrity": "sha512-9Wy1B3m3f66bPPmU5hdA4DR4PB2OfDU/+GS3yAB7IQozE3tqXaVv2zOjgla7MEGSRv95+ILmOuvhLkOK6wJtCQ==",
      "requires": {
        "dom-walk": "^0.1.0"
      }
    },
    "mpd-parser": {
      "version": "0.22.1",
      "resolved": "https://registry.npmjs.org/mpd-parser/-/mpd-parser-0.22.1.tgz",
      "integrity": "sha512-fwBebvpyPUU8bOzvhX0VQZgSohncbgYwUyJJoTSNpmy7ccD2ryiCvM7oRkn/xQH5cv73/xU7rJSNCLjdGFor0Q==",
      "requires": {
        "@babel/runtime": "^7.12.5",
        "@videojs/vhs-utils": "^3.0.5",
        "@xmldom/xmldom": "^0.8.3",
        "global": "^4.4.0"
      }
    },
    "mux.js": {
      "version": "6.0.1",
      "resolved": "https://registry.npmjs.org/mux.js/-/mux.js-6.0.1.tgz",
      "integrity": "sha512-22CHb59rH8pWGcPGW5Og7JngJ9s+z4XuSlYvnxhLuc58cA1WqGDQPzuG8I+sPm1/p0CdgpzVTaKW408k5DNn8w==",
      "requires": {
        "@babel/runtime": "^7.11.2",
        "global": "^4.4.0"
      }
    },
    "nanoid": {
      "version": "3.3.4",
      "resolved": "https://registry.npmjs.org/nanoid/-/nanoid-3.3.4.tgz",
      "integrity": "sha512-MqBkQh/OHTS2egovRtLk45wEyNXwF+cokD+1YPf9u5VfJiRdAiRwB2froX5Co9Rh20xs4siNPm8naNotSD6RBw==",
      "dev": true
    },
    "path-parse": {
      "version": "1.0.7",
      "resolved": "https://registry.npmjs.org/path-parse/-/path-parse-1.0.7.tgz",
      "integrity": "sha512-LDJzPVEEEPR+y48z93A0Ed0yXb8pAByGWo/k5YYdYgpY2/2EsOsksJrq7lOHxryrVOn1ejG6oAp8ahvOIQD8sw==",
      "dev": true
    },
    "picocolors": {
      "version": "1.0.0",
      "resolved": "https://registry.npmjs.org/picocolors/-/picocolors-1.0.0.tgz",
      "integrity": "sha512-1fygroTLlHu66zi26VoTDv8yRgm0Fccecssto+MhsZ0D/DGW2sm8E8AjW7NU5VVTRt5GxbeZ5qBuJr+HyLYkjQ==",
      "dev": true
    },
    "pkcs7": {
      "version": "1.0.4",
      "resolved": "https://registry.npmjs.org/pkcs7/-/pkcs7-1.0.4.tgz",
      "integrity": "sha512-afRERtHn54AlwaF2/+LFszyAANTCggGilmcmILUzEjvs3XgFZT+xE6+QWQcAGmu4xajy+Xtj7acLOPdx5/eXWQ==",
      "requires": {
        "@babel/runtime": "^7.5.5"
      }
    },
    "postcss": {
      "version": "8.4.21",
      "resolved": "https://registry.npmjs.org/postcss/-/postcss-8.4.21.tgz",
      "integrity": "sha512-tP7u/Sn/dVxK2NnruI4H9BG+x+Wxz6oeZ1cJ8P6G/PZY0IKk4k/63TDsQf2kQq3+qoJeLm2kIBUNlZe3zgb4Zg==",
      "dev": true,
      "requires": {
        "nanoid": "^3.3.4",
        "picocolors": "^1.0.0",
        "source-map-js": "^1.0.2"
      }
    },
    "process": {
      "version": "0.11.10",
      "resolved": "https://registry.npmjs.org/process/-/process-0.11.10.tgz",
      "integrity": "sha512-cdGef/drWFoydD1JsMzuFf8100nZl+GT+yacc2bEced5f9Rjk4z+WtFUTBu9PhOi9j/jfmBPu0mMEY4wIdAF8A=="
    },
    "regenerator-runtime": {
      "version": "0.13.11",
      "resolved": "https://registry.npmjs.org/regenerator-runtime/-/regenerator-runtime-0.13.11.tgz",
      "integrity": "sha512-kY1AZVr2Ra+t+piVaJ4gxaFaReZVH40AKNo7UCX6W+dEwBo/2oZJzqfuN1qLq1oL45o56cPaTXELwrTh8Fpggg=="
    },
    "resolve": {
      "version": "1.22.1",
      "resolved": "https://registry.npmjs.org/resolve/-/resolve-1.22.1.tgz",
      "integrity": "sha512-nBpuuYuY5jFsli/JIs1oldw6fOQCBioohqWZg/2hiaOybXOft4lonv85uDOKXdf8rhyK159cxU5cDcK/NKk8zw==",
      "dev": true,
      "requires": {
        "is-core-module": "^2.9.0",
        "path-parse": "^1.0.7",
        "supports-preserve-symlinks-flag": "^1.0.0"
      }
    },
    "rollup": {
      "version": "3.10.0",
      "resolved": "https://registry.npmjs.org/rollup/-/rollup-3.10.0.tgz",
      "integrity": "sha512-JmRYz44NjC1MjVF2VKxc0M1a97vn+cDxeqWmnwyAF4FvpjK8YFdHpaqvQB+3IxCvX05vJxKZkoMDU8TShhmJVA==",
      "dev": true,
      "requires": {
        "fsevents": "~2.3.2"
      }
    },
    "rust-result": {
      "version": "1.0.0",
      "resolved": "https://registry.npmjs.org/rust-result/-/rust-result-1.0.0.tgz",
      "integrity": "sha512-6cJzSBU+J/RJCF063onnQf0cDUOHs9uZI1oroSGnHOph+CQTIJ5Pp2hK5kEQq1+7yE/EEWfulSNXAQ2jikPthA==",
      "requires": {
        "individual": "^2.0.0"
      }
    },
    "safe-json-parse": {
      "version": "4.0.0",
      "resolved": "https://registry.npmjs.org/safe-json-parse/-/safe-json-parse-4.0.0.tgz",
      "integrity": "sha512-RjZPPHugjK0TOzFrLZ8inw44s9bKox99/0AZW9o/BEQVrJfhI+fIHMErnPyRa89/yRXUUr93q+tiN6zhoVV4wQ==",
      "requires": {
        "rust-result": "^1.0.0"
      }
    },
    "source-map-js": {
      "version": "1.0.2",
      "resolved": "https://registry.npmjs.org/source-map-js/-/source-map-js-1.0.2.tgz",
      "integrity": "sha512-R0XvVJ9WusLiqTCEiGCmICCMplcCkIwwR11mOSD9CR5u+IXYdiseeEuXCVAjS54zqwkLcPNnmU4OeJ6tUrWhDw==",
      "dev": true
    },
    "supports-preserve-symlinks-flag": {
      "version": "1.0.0",
      "resolved": "https://registry.npmjs.org/supports-preserve-symlinks-flag/-/supports-preserve-symlinks-flag-1.0.0.tgz",
      "integrity": "sha512-ot0WnXS9fgdkgIcePe6RHNk1WA8+muPa6cSjeR3V8K27q9BB1rTE3R1p7Hv0z1ZyAc8s6Vvv8DIyWf681MAt0w==",
      "dev": true
    },
    "url-toolkit": {
      "version": "2.2.5",
      "resolved": "https://registry.npmjs.org/url-toolkit/-/url-toolkit-2.2.5.tgz",
      "integrity": "sha512-mtN6xk+Nac+oyJ/PrI7tzfmomRVNFIWKUbG8jdYFt52hxbiReFAXIjYskvu64/dvuW71IcB7lV8l0HvZMac6Jg=="
    },
    "video.js": {
      "version": "7.21.4",
      "resolved": "https://registry.npmjs.org/video.js/-/video.js-7.21.4.tgz",
      "integrity": "sha512-R5e57M/5uqxQMQpFpybNbd8GtiRwFJPqkHjrhv0QTJ2tqnesbjETbck5kU5dhFr1FevsJRFhjBG4hAnvRGnXbw==",
      "requires": {
        "@babel/runtime": "^7.12.5",
        "@videojs/http-streaming": "2.16.2",
        "@videojs/vhs-utils": "^3.0.4",
        "@videojs/xhr": "2.6.0",
        "aes-decrypter": "3.1.3",
        "global": "^4.4.0",
        "keycode": "^2.2.0",
        "m3u8-parser": "4.8.0",
        "mpd-parser": "0.22.1",
        "mux.js": "6.0.1",
        "safe-json-parse": "4.0.0",
        "videojs-font": "3.2.0",
        "videojs-vtt.js": "^0.15.4"
      }
    },
    "videojs-font": {
      "version": "3.2.0",
      "resolved": "https://registry.npmjs.org/videojs-font/-/videojs-font-3.2.0.tgz",
      "integrity": "sha512-g8vHMKK2/JGorSfqAZQUmYYNnXmfec4MLhwtEFS+mMs2IDY398GLysy6BH6K+aS1KMNu/xWZ8Sue/X/mdQPliA=="
    },
    "videojs-resolution-switcher": {
      "version": "git+ssh://git@github.com/millicast/videojs-resolution-switcher.git#dd41a714f98cac0de16c83f9f55788cf0792bd60",
      "from": "videojs-resolution-switcher@millicast/videojs-resolution-switcher#videojs_whep_plugin",
      "requires": {}
    },
    "videojs-vtt.js": {
      "version": "0.15.4",
      "resolved": "https://registry.npmjs.org/videojs-vtt.js/-/videojs-vtt.js-0.15.4.tgz",
      "integrity": "sha512-r6IhM325fcLb1D6pgsMkTQT1PpFdUdYZa1iqk7wJEu+QlibBwATPfPc9Bg8Jiym0GE5yP1AG2rMLu+QMVWkYtA==",
      "requires": {
        "global": "^4.3.1"
      }
    },
    "vite": {
      "version": "4.0.4",
      "resolved": "https://registry.npmjs.org/vite/-/vite-4.0.4.tgz",
      "integrity": "sha512-xevPU7M8FU0i/80DMR+YhgrzR5KS2ORy1B4xcX/cXLsvnUWvfHuqMmVU6N0YiJ4JWGRJJsLCgjEzKjG9/GKoSw==",
      "dev": true,
      "requires": {
        "esbuild": "^0.16.3",
        "fsevents": "~2.3.2",
        "postcss": "^8.4.20",
        "resolve": "^1.22.1",
        "rollup": "^3.7.0"
      }
    },
    "whip": {
      "version": "git+ssh://git@github.com/medooze/whip-whep-js.git",
      "integrity": "sha512-0mEPZk2sAqWoeQZi7y9DnvupLjvz2gxb7SwbNzN2ky4sY0NNQoQyeS2k/4TueiwwV+FgMoFCYjVr1yrpHFJq7A==",
      "from": "whip@medooze/whip-whep-js"
    }
  }
}
